dependencies:
- name: redis
  repository: https://kibble1.github.io/charts/
  version: 9.3.2
- name: kafka
  repository: https://kibble1.github.io/charts/
  version: 12.0.0
- name: clickhouse
  repository: https://kibble1.github.io/charts/
  version: 3.0.0
- name: rabbitmq
  repository: https://kibble1.github.io/charts/
  version: 8.9.1
- name: postgresql
  repository: https://kibble1.github.io/charts/
  version: 10.2.4
- name: nginx
  repository: https://kibble1.github.io/charts/
  version: 9.3.3
digest: sha256:efb99c6fab0a3ee5d886afaa36c3f6924ace571570cdfbdf6ce83c972572640d
generated: "2021-07-17T03:13:33.389439+02:00"
